// !$*UTF8*$!
{
	archiveVersion = 1;
	classes = {
	};
	objectVersion = 50;
	objects = {

/* Begin PBXBuildFile section */
		473E1EAB261E98800051D5BC /* AppDelegate.swift in Sources */ = {isa = PBXBuildFile; fileRef = 473E1EAA261E98800051D5BC /* AppDelegate.swift */; };
		473E1EAD261E98800051D5BC /* SceneDelegate.swift in Sources */ = {isa = PBXBuildFile; fileRef = 473E1EAC261E98800051D5BC /* SceneDelegate.swift */; };
		473E1EAF261E98800051D5BC /* ContentView.swift in Sources */ = {isa = PBXBuildFile; fileRef = 473E1EAE261E98800051D5BC /* ContentView.swift */; };
		473E1EB1261E98810051D5BC /* Assets.xcassets in Resources */ = {isa = PBXBuildFile; fileRef = 473E1EB0261E98810051D5BC /* Assets.xcassets */; };
		473E1EB4261E98810051D5BC /* Preview Assets.xcassets in Resources */ = {isa = PBXBuildFile; fileRef = 473E1EB3261E98810051D5BC /* Preview Assets.xcassets */; };
		473E1EB7261E98810051D5BC /* LaunchScreen.storyboard in Resources */ = {isa = PBXBuildFile; fileRef = 473E1EB5261E98810051D5BC /* LaunchScreen.storyboard */; };
		473E1EC0261E9AC30051D5BC /* Card.swift in Sources */ = {isa = PBXBuildFile; fileRef = 473E1EBF261E9AC20051D5BC /* Card.swift */; };
/* End PBXBuildFile section */

/* Begin PBXFileReference section */
		473E1EA7261E98800051D5BC /* Paired.app */ = {isa = PBXFileReference; explicitFileType = wrapper.application; includeInIndex = 0; path = Paired.app; sourceTree = BUILT_PRODUCTS_DIR; };
		473E1EAA261E98800051D5BC /* AppDelegate.swift */ = {isa = PBXFileReference; lastKnownFileType = sourcecode.swift; path = AppDelegate.swift; sourceTree = "<group>"; };
		473E1EAC261E98800051D5BC /* SceneDelegate.swift */ = {isa = PBXFileReference; lastKnownFileType = sourcecode.swift; path = SceneDelegate.swift; sourceTree = "<group>"; };
		473E1EAE261E98800051D5BC /* ContentView.swift */ = {isa = PBXFileReference; lastKnownFileType = sourcecode.swift; path = ContentView.swift; sourceTree = "<group>"; };
		473E1EB0261E98810051D5BC /* Assets.xcassets */ = {isa = PBXFileReference; lastKnownFileType = folder.assetcatalog; path = Assets.xcassets; sourceTree = "<group>"; };
		473E1EB3261E98810051D5BC /* Preview Assets.xcassets */ = {isa = PBXFileReference; lastKnownFileType = folder.assetcatalog; path = "Preview Assets.xcassets"; sourceTree = "<group>"; };
		473E1EB6261E98810051D5BC /* Base */ = {isa = PBXFileReference; lastKnownFileType = file.storyboard; name = Base; path = Base.lproj/LaunchScreen.storyboard; sourceTree = "<group>"; };
		473E1EB8261E98810051D5BC /* Info.plist */ = {isa = PBXFileReference; lastKnownFileType = text.plist.xml; path = Info.plist; sourceTree = "<group>"; };
		473E1EBF261E9AC20051D5BC /* Card.swift */ = {isa = PBXFileReference; fileEncoding = 4; lastKnownFileType = sourcecode.swift; name = Card.swift; path = ../../../../Downloads/Card.swift; sourceTree = "<group>"; };
/* End PBXFileReference section */

/* Begin PBXFrameworksBuildPhase section */
		473E1EA4261E98800051D5BC /* Frameworks */ = {
			isa = PBXFrameworksBuildPhase;
			buildActionMask = 2147483647;
			files = (
			);
			runOnlyForDeploymentPostprocessing = 0;
		};
/* End PBXFrameworksBuildPhase section */

/* Begin PBXGroup section */
		473E1E9E261E98800051D5BC = {
			isa = PBXGroup;
			children = (
				473E1EA9261E98800051D5BC /* Paired */,
				473E1EA8261E98800051D5BC /* Products */,
			);
			sourceTree = "<group>";
		};
		473E1EA8261E98800051D5BC /* Products */ = {
			isa = PBXGroup;
			children = (
				473E1EA7261E98800051D5BC /* Paired.app */,
			);
			name = Products;
			sourceTree = "<group>";
		};
		473E1EA9261E98800051D5BC /* Paired */ = {
			isa = PBXGroup;
			children = (
				473E1EBF261E9AC20051D5BC /* Card.swift */,
				473E1EAA261E98800051D5BC /* AppDelegate.swift */,
				473E1EAC261E98800051D5BC /* SceneDelegate.swift */,
				473E1EAE261E98800051D5BC /* ContentView.swift */,
				473E1EB0261E98810051D5BC /* Assets.xcassets */,
				473E1EB5261E98810051D5BC /* LaunchScreen.storyboard */,
				473E1EB8261E98810051D5BC /* Info.plist */,
				473E1EB2261E98810051D5BC /* Preview Content */,
			);
			path = Paired;
			sourceTree = "<group>";
		};
		473E1EB2261E98810051D5BC /* Preview Content */ = {
			isa = PBXGroup;
			children = (
				473E1EB3261E98810051D5BC /* Preview Assets.xcassets */,
			);
			path = "Preview Content";
			sourceTree = "<group>";
		};
/* End PBXGroup section */

/* Begin PBXNativeTarget section */
		473E1EA6261E98800051D5BC /* Paired */ = {
			isa = PBXNativeTarget;
			buildConfigurationList = 473E1EBB261E98810051D5BC /* Build configuration list for PBXNativeTarget "Paired" */;
			buildPhases = (
				473E1EA3261E98800051D5BC /* Sources */,
				473E1EA4261E98800051D5BC /* Frameworks */,
				473E1EA5261E98800051D5BC /* Resources */,
			);
			buildRules = (
			);
			dependencies = (
			);
			name = Paired;
			productName = Paired;
			productReference = 473E1EA7261E98800051D5BC /* Paired.app */;
			productType = "com.apple.product-type.application";
		};
/* End PBXNativeTarget section */

/* Begin PBXProject section */
		473E1E9F261E98800051D5BC /* Project object */ = {
			isa = PBXProject;
			attributes = {
				LastSwiftUpdateCheck = 1240;
				LastUpgradeCheck = 1240;
				TargetAttributes = {
					473E1EA6261E98800051D5BC = {
						CreatedOnToolsVersion = 12.4;
					};
				};
			};
			buildConfigurationList = 473E1EA2261E98800051D5BC /* Build configuration list for PBXProject "Paired" */;
			compatibilityVersion = "Xcode 9.3";
			developmentRegion = en;
			hasScannedForEncodings = 0;
			knownRegions = (
				en,
				Base,
			);
			mainGroup = 473E1E9E261E98800051D5BC;
			productRefGroup = 473E1EA8261E98800051D5BC /* Products */;
			projectDirPath = "";
			projectRoot = "";
			targets = (
				473E1EA6261E98800051D5BC /* Paired */,
			);
		};
/* End PBXProject section */

/* Begin PBXResourcesBuildPhase section */
		473E1EA5261E98800051D5BC /* Resources */ = {
			isa = PBXResourcesBuildPhase;
			buildActionMask = 2147483647;
			files = (
				473E1EB7261E98810051D5BC /* LaunchScreen.storyboard in Resources */,
				473E1EB4261E98810051D5BC /* Preview Assets.xcassets in Resources */,
				473E1EB1261E98810051D5BC /* Assets.xcassets in Resources */,
			);
			runOnlyForDeploymentPostprocessing = 0;
		};
/* End PBXResourcesBuildPhase section */

/* Begin PBXSourcesBuildPhase section */
		473E1EA3261E98800051D5BC /* Sources */ = {
			isa = PBXSourcesBuildPhase;
			buildActionMask = 2147483647;
			files = (
				473E1EAB261E98800051D5BC /* AppDelegate.swift in Sources */,
				473E1EAD261E98800051D5BC /* SceneDelegate.swift in Sources */,
				473E1EAF261E98800051D5BC /* ContentView.swift in Sources */,
				473E1EC0261E9AC30051D5BC /* Card.swift in Sources */,
			);
			runOnlyForDeploymentPostprocessing = 0;
		};
/* End PBXSourcesBuildPhase section */

/* Begin PBXVariantGroup section */
		473E1EB5261E98810051D5BC /* LaunchScreen.storyboard */ = {
			isa = PBXVariantGroup;
			children = (
				473E1EB6261E98810051D5BC /* Base */,
			);
			name = LaunchScreen.storyboard;
			sourceTree = "<group>";
		};
/* End PBXVariantGroup section */

/* Begin XCBuildConfiguration section */
		473E1EB9261E98810051D5BC /* Debug */ = {
			isa = XCBuildConfiguration;
			buildSettings = {
				ALWAYS_SEARCH_USER_PATHS = NO;
				CLANG_ANALYZER_NONNULL = YES;
				CLANG_ANALYZER_NUMBER_OBJECT_CONVERSION = YES_AGGRESSIVE;
				CLANG_CXX_LANGUAGE_STANDARD = "gnu++14";
				CLANG_CXX_LIBRARY = "libc++";
				CLANG_ENABLE_MODULES = YES;
				CLANG_ENABLE_OBJC_ARC = YES;
				CLANG_ENABLE_OBJC_WEAK = YES;
				CLANG_WARN_BLOCK_CAPTURE_AUTORELEASING = YES;
				CLANG_WARN_BOOL_CONVERSION = YES;
				CLANG_WARN_COMMA = YES;
				CLANG_WARN_CONSTANT_CONVERSION = YES;
				CLANG_WARN_DEPRECATED_OBJC_IMPLEMENTATIONS = YES;
				CLANG_WARN_DIRECT_OBJC_ISA_USAGE = YES_ERROR;
				CLANG_WARN_DOCUMENTATION_COMMENTS = YES;
				CLANG_WARN_EMPTY_BODY = YES;
				CLANG_WARN_ENUM_CONVERSION = YES;
				CLANG_WARN_INFINITE_RECURSION = YES;
				CLANG_WARN_INT_CONVERSION = YES;
				CLANG_WARN_NON_LITERAL_NULL_CONVERSION = YES;
				CLANG_WARN_OBJC_IMPLICIT_RETAIN_SELF = YES;
				CLANG_WARN_OBJC_LITERAL_CONVERSION = YES;
				CLANG_WARN_OBJC_ROOT_CLASS = YES_ERROR;
				CLANG_WARN_QUOTED_INCLUDE_IN_FRAMEWORK_HEADER = YES;
				CLANG_WARN_RANGE_LOOP_ANALYSIS = YES;
				CLANG_WARN_STRICT_PROTOTYPES = YES;
				CLANG_WARN_SUSPICIOUS_MOVE = YES;
				CLANG_WARN_UNGUARDED_AVAILABILITY = YES_AGGRESSIVE;
				CLANG_WARN_UNREACHABLE_CODE = YES;
				CLANG_WARN__DUPLICATE_METHOD_MATCH = YES;
				COPY_PHASE_STRIP = NO;
				DEBUG_INFORMATION_FORMAT = dwarf;
				ENABLE_STRICT_OBJC_MSGSEND = YES;
				ENABLE_TESTABILITY = YES;
				GCC_C_LANGUAGE_STANDARD = gnu11;
				GCC_DYNAMIC_NO_PIC = NO;
				GCC_NO_COMMON_BLOCKS = YES;
				GCC_OPTIMIZATION_LEVEL = 0;
				GCC_PREPROCESSOR_DEFINITIONS = (
					"DEBUG=1",
					"$(inherited)",
				);
				GCC_WARN_64_TO_32_BIT_CONVERSION = YES;
				GCC_WARN_ABOUT_RETURN_TYPE = YES_ERROR;
				GCC_WARN_UNDECLARED_SELECTOR = YES;
				GCC_WARN_UNINITIALIZED_AUTOS = YES_AGGRESSIVE;
				GCC_WARN_UNUSED_FUNCTION = YES;
				GCC_WARN_UNUSED_VARIABLE = YES;
				IPHONEOS_DEPLOYMENT_TARGET = 14.4;
				MTL_ENABLE_DEBUG_INFO = INCLUDE_SOURCE;
				MTL_FAST_MATH = YES;
				ONLY_ACTIVE_ARCH = YES;
				SDKROOT = iphoneos;
				SWIFT_ACTIVE_COMPILATION_CONDITIONS = DEBUG;
				SWIFT_OPTIMIZATION_LEVEL = "-Onone";
			};
			name = Debug;
		};
		473E1EBA261E98810051D5BC /* Release */ = {
			isa = XCBuildConfiguration;
			buildSettings = {
				ALWAYS_SEARCH_USER_PATHS = NO;
				CLANG_ANALYZER_NONNULL = YES;
				CLANG_ANALYZER_NUMBER_OBJECT_CONVERSION = YES_AGGRESSIVE;
				CLANG_CXX_LANGUAGE_STANDARD = "gnu++14";
				CLANG_CXX_LIBRARY = "libc++";
				CLANG_ENABLE_MODULES = YES;
				CLANG_ENABLE_OBJC_ARC = YES;
				CLANG_ENABLE_OBJC_WEAK = YES;
				CLANG_WARN_BLOCK_CAPTURE_AUTORELEASING = YES;
				CLANG_WARN_BOOL_CONVERSION = YES;
				CLANG_WARN_COMMA = YES;
				CLANG_WARN_CONSTANT_CONVERSION = YES;
				CLANG_WARN_DEPRECATED_OBJC_IMPLEMENTATIONS = YES;
				CLANG_WARN_DIRECT_OBJC_ISA_USAGE = YES_ERROR;
				CLANG_WARN_DOCUMENTATION_COMMENTS = YES;
				CLANG_WARN_EMPTY_BODY = YES;
				CLANG_WARN_ENUM_CONVERSION = YES;
				CLANG_WARN_INFINITE_RECURSION = YES;
				CLANG_WARN_INT_CONVERSION = YES;
				CLANG_WARN_NON_LITERAL_NULL_CONVERSION = YES;
				CLANG_WARN_OBJC_IMPLICIT_RETAIN_SELF = YES;
				CLANG_WARN_OBJC_LITERAL_CONVERSION = YES;
				CLANG_WARN_OBJC_ROOT_CLASS = YES_ERROR;
				CLANG_WARN_QUOTED_INCLUDE_IN_FRAMEWORK_HEADER = YES;
				CLANG_WARN_RANGE_LOOP_ANALYSIS = YES;
				CLANG_WARN_STRICT_PROTOTYPES = YES;
				CLANG_WARN_SUSPICIOUS_MOVE = YES;
				CLANG_WARN_UNGUARDED_AVAILABILITY = YES_AGGRESSIVE;
				CLANG_WARN_UNREACHABLE_CODE = YES;
				CLANG_WARN__DUPLICATE_METHOD_MATCH = YES;
				COPY_PHASE_STRIP = NO;
				DEBUG_INFORMATION_FORMAT = "dwarf-with-dsym";
				ENABLE_NS_ASSERTIONS = NO;
				ENABLE_STRICT_OBJC_MSGSEND = YES;
				GCC_C_LANGUAGE_STANDARD = gnu11;
				GCC_NO_COMMON_BLOCKS = YES;
				GCC_WARN_64_TO_32_BIT_CONVERSION = YES;
				GCC_WARN_ABOUT_RETURN_TYPE = YES_ERROR;
				GCC_WARN_UNDECLARED_SELECTOR = YES;
				GCC_WARN_UNINITIALIZED_AUTOS = YES_AGGRESSIVE;
				GCC_WARN_UNUSED_FUNCTION = YES;
				GCC_WARN_UNUSED_VARIABLE = YES;
				IPHONEOS_DEPLOYMENT_TARGET = 14.4;
				MTL_ENABLE_DEBUG_INFO = NO;
				MTL_FAST_MATH = YES;
				SDKROOT = iphoneos;
				SWIFT_COMPILATION_MODE = wholemodule;
				SWIFT_OPTIMIZATION_LEVEL = "-O";
				VALIDATE_PRODUCT = YES;
			};
			name = Release;
		};
		473E1EBC261E98810051D5BC /* Debug */ = {
			isa = XCBuildConfiguration;
			buildSettings = {
				ASSETCATALOG_COMPILER_APPICON_NAME = AppIcon;
				ASSETCATALOG_COMPILER_GLOBAL_ACCENT_COLOR_NAME = AccentColor;
				CODE_SIGN_STYLE = Automatic;
				DEVELOPMENT_ASSET_PATHS = "\"Paired/Preview Content\"";
				DEVELOPMENT_TEAM = 872B9AR988;
				ENABLE_PREVIEWS = YES;
				INFOPLIST_FILE = Paired/Info.plist;
				LD_RUNPATH_SEARCH_PATHS = (
					"$(inherited)",
					"@executable_path/Frameworks",
				);
				PRODUCT_BUNDLE_IDENTIFIER = com.huzaifa.Paired;
				PRODUCT_NAME = "$(TARGET_NAME)";
				SWIFT_VERSION = 5.0;
				TARGETED_DEVICE_FAMILY = "1,2";
			};
			name = Debug;
		};
		473E1EBD261E98810051D5BC /* Release */ = {
			isa = XCBuildConfiguration;
			buildSettings = {
				ASSETCATALOG_COMPILER_APPICON_NAME = AppIcon;
				ASSETCATALOG_COMPILER_GLOBAL_ACCENT_COLOR_NAME = AccentColor;
				CODE_SIGN_STYLE = Automatic;
				DEVELOPMENT_ASSET_PATHS = "\"Paired/Preview Content\"";
				DEVELOPMENT_TEAM = 872B9AR988;
				ENABLE_PREVIEWS = YES;
				INFOPLIST_FILE = Paired/Info.plist;
				LD_RUNPATH_SEARCH_PATHS = (
					"$(inherited)",
					"@executable_path/Frameworks",
				);
				PRODUCT_BUNDLE_IDENTIFIER = com.huzaifa.Paired;
				PRODUCT_NAME = "$(TARGET_NAME)";
				SWIFT_VERSION = 5.0;
				TARGETED_DEVICE_FAMILY = "1,2";
			};
			name = Release;
		};
/* End XCBuildConfiguration section */

/* Begin XCConfigurationList section */
		473E1EA2261E98800051D5BC /* Build configuration list for PBXProject "Paired" */ = {
			isa = XCConfigurationList;
			buildConfigurations = (
				473E1EB9261E98810051D5BC /* Debug */,
				473E1EBA261E98810051D5BC /* Release */,
			);
			defaultConfigurationIsVisible = 0;
			defaultConfigurationName = Release;
		};
		473E1EBB261E98810051D5BC /* Build configuration list for PBXNativeTarget "Paired" */ = {
			isa = XCConfigurationList;
			buildConfigurations = (
				473E1EBC261E98810051D5BC /* Debug */,
				473E1EBD261E98810051D5BC /* Release */,
			);
			defaultConfigurationIsVisible = 0;
			defaultConfigurationName = Release;
		};
/* End XCConfigurationList section */
	};
	rootObject = 473E1E9F261E98800051D5BC /* Project object */;
}
